
Microsoft Visual Studio Solution File, Format Version 12.00
# Visual Studio Version 17
VisualStudioVersion = 17.14.36603.0 d17.14
MinimumVisualStudioVersion = 10.0.40219.1
Project("{FAE04EC0-301F-11D3-BF4B-00C04F79EFBC}") = "HangMan", "HangMan.csproj", "{89BB04CF-0040-4F6B-BABA-C92F3D4AB65A}"
EndProject
Global
	GlobalSection(SolutionConfigurationPlatforms) = preSolution
		Debug|Any CPU = Debug|Any CPU
		Release|Any CPU = Release|Any CPU
	EndGlobalSection
	GlobalSection(ProjectConfigurationPlatforms) = postSolution
		{89BB04CF-0040-4F6B-BABA-C92F3D4AB65A}.Debug|Any CPU.ActiveCfg = Debug|Any CPU
		{89BB04CF-0040-4F6B-BABA-C92F3D4AB65A}.Debug|Any CPU.Build.0 = Debug|Any CPU
		{89BB04CF-0040-4F6B-BABA-C92F3D4AB65A}.Release|Any CPU.ActiveCfg = Release|Any CPU
		{89BB04CF-0040-4F6B-BABA-C92F3D4AB65A}.Release|Any CPU.Build.0 = Release|Any CPU
	EndGlobalSection
	GlobalSection(SolutionProperties) = preSolution
		HideSolutionNode = FALSE
	EndGlobalSection
	GlobalSection(ExtensibilityGlobals) = postSolution
		SolutionGuid = {F4543744-E1D5-4257-83FA-E022FA28A040}
	EndGlobalSection
EndGlobal
